PODS:
  - FBSnapshotTestCase (2.1.4):
    - FBSnapshotTestCase/SwiftSupport (= 2.1.4)
  - FBSnapshotTestCase/Core (2.1.4)
  - FBSnapshotTestCase/SwiftSupport (2.1.4):
    - FBSnapshotTestCase/Core
  - MKSegmentedSliderTabbar (0.1.0)
  - Nimble (7.0.2)
  - Nimble-Snapshots (6.3.0):
    - Nimble-Snapshots/Core (= 6.3.0)
  - Nimble-Snapshots/Core (6.3.0):
    - FBSnapshotTestCase (~> 2.0)
    - Nimble (~> 7.0)
  - Quick (1.2.0)

DEPENDENCIES:
  - FBSnapshotTestCase (~> 2.1.4)
  - MKSegmentedSliderTabbar (from `../`)
  - Nimble (~> 7.0.2)
  - Nimble-Snapshots (~> 6.3.0)
  - Quick (~> 1.2.0)

SPEC REPOS:
  https://github.com/cocoapods/specs.git:
    - FBSnapshotTestCase
    - Nimble
    - Nimble-Snapshots
    - Quick

EXTERNAL SOURCES:
  MKSegmentedSliderTabbar:
    :path: "../"

SPEC CHECKSUMS:
  FBSnapshotTestCase: 094f9f314decbabe373b87cc339bea235a63e07a
  MKSegmentedSliderTabbar: 169a70bfaa6d030be7a2863d950c4b088e328fc1
  Nimble: bfe1f814edabba69ff145cb1283e04ed636a67f2
  Nimble-Snapshots: f5459b5b091678dc942d03ec4741cacb58ba4a52
  Quick: 58d203b1c5e27fff7229c4c1ae445ad7069a7a08

PODFILE CHECKSUM: 72c93be6f4ffa250c767722f0650478a12225a83

COCOAPODS: 1.5.3
